# THIS IS AN AUTOGENERATED FILE. DO NOT EDIT THIS FILE DIRECTLY.
# yarn lockfile v1


"@now/node@^1.5.1":
  version "1.5.1"
  resolved "https://registry.yarnpkg.com/@now/node/-/node-1.5.1.tgz#e0d559ea5d1efaa5cc8a7c35208aa6ad01634ab2"
  integrity sha512-2nXhdqo4aNShHuTwbdQmZQX4jYXAoI85+FTPStD5DZVC3kbSS8m5RDxJu7Op7ffBPwIu8Nmp6ukjXct3Abad7g==
  dependencies:
    "@types/node" "*"

"@types/node@*":
  version "13.13.4"
  resolved "https://registry.yarnpkg.com/@types/node/-/node-13.13.4.tgz#1581d6c16e3d4803eb079c87d4ac893ee7501c2c"
  integrity sha512-x26ur3dSXgv5AwKS0lNfbjpCakGIduWU1DU91Zz58ONRWrIKGunmZBNv4P7N+e27sJkiGDsw/3fT4AtsqQBrBA==

axios@^0.15.3:
  version "0.15.3"
  resolved "https://registry.yarnpkg.com/axios/-/axios-0.15.3.tgz#2c9d638b2e191a08ea1d6cc988eadd6ba5bdc053"
  integrity sha1-LJ1jiy4ZGgjqHWzJiOrda6W9wFM=
  dependencies:
    follow-redirects "1.0.0"

debug@^2.2.0:
  version "2.6.9"
  resolved "https://registry.yarnpkg.com/debug/-/debug-2.6.9.tgz#5d128515df134ff327e90a4c93f4e077a536341f"
  integrity sha512-bC7ElrdJaJnPbAP+1EotYvqZsb3ecl5wi6Bfi6BJTUcNowp6cvspg0jXznRTKDjm/E7AdgFBVeAPVMNcKGsHMA==
  dependencies:
    ms "2.0.0"

follow-redirects@1.0.0:
  version "1.0.0"
  resolved "https://registry.yarnpkg.com/follow-redirects/-/follow-redirects-1.0.0.tgz#8e34298cbd2e176f254effec75a1c78cc849fd37"
  integrity sha1-jjQpjL0uF28lTv/sdaHHjMhJ/Tc=
  dependencies:
    debug "^2.2.0"

ms@2.0.0:
  version "2.0.0"
  resolved "https://registry.yarnpkg.com/ms/-/ms-2.0.0.tgz#5608aeadfc00be6c2901df5f9861788de0d597c8"
  integrity sha1-VgiurfwAvmwpAd9fmGF4jeDVl8g=

typescript@^3.8.3:
  version "3.8.3"
  resolved "https://registry.yarnpkg.com/typescript/-/typescript-3.8.3.tgz#409eb8544ea0335711205869ec458ab109ee1061"
  integrity sha512-MYlEfn5VrLNsgudQTVJeNaQFUAI7DkhnOjdpAp4T+ku1TfQClewlbSuTVHiA+8skNBgaf02TL/kLOvig4y3G8w==

uid-promise@^0.1.0:
  version "0.1.0"
  resolved "https://registry.yarnpkg.com/uid-promise/-/uid-promise-0.1.0.tgz#b53236bedce7c8322a017ee7c652e8665ec8fa4a"
  integrity sha1-tTI2vtznyDIqAX7nxlLoZl7I+ko=
